
Microsoft Visual Studio Solution File, Format Version 12.00
# Visual Studio Version 17
VisualStudioVersion = 17.2.32630.192
MinimumVisualStudioVersion = 10.0.40219.1
Project("{FAE04EC0-301F-11D3-BF4B-00C04F79EFBC}") = "RedisClusterTest", "RedisClusterTest\RedisClusterTest.csproj", "{A0744768-E0D3-4B8E-BB2D-971B240A5F5A}"
EndProject
Global
	GlobalSection(SolutionConfigurationPlatforms) = preSolution
		Debug|Any CPU = Debug|Any CPU
		Release|Any CPU = Release|Any CPU
	EndGlobalSection
	GlobalSection(ProjectConfigurationPlatforms) = postSolution
		{A0744768-E0D3-4B8E-BB2D-971B240A5F5A}.Debug|Any CPU.ActiveCfg = Debug|Any CPU
		{A0744768-E0D3-4B8E-BB2D-971B240A5F5A}.Debug|Any CPU.Build.0 = Debug|Any CPU
		{A0744768-E0D3-4B8E-BB2D-971B240A5F5A}.Release|Any CPU.ActiveCfg = Release|Any CPU
		{A0744768-E0D3-4B8E-BB2D-971B240A5F5A}.Release|Any CPU.Build.0 = Release|Any CPU
	EndGlobalSection
	GlobalSection(SolutionProperties) = preSolution
		HideSolutionNode = FALSE
	EndGlobalSection
	GlobalSection(ExtensibilityGlobals) = postSolution
		SolutionGuid = {6C61E5FA-0115-4957-BB61-3628B1E586CF}
	EndGlobalSection
EndGlobal
